{
  "name": "simpleframework",
  "version": "1.0.0",
  "lockfileVersion": 1,
  "requires": true,
  "dependencies": {
    "inversify": {
      "version": "5.0.1",
      "resolved": "https://registry.npmjs.org/inversify/-/inversify-5.0.1.tgz",
      "integrity": "sha512-Ieh06s48WnEYGcqHepdsJUIJUXpwH5o5vodAX+DK2JA/gjy4EbEcQZxw+uFfzysmKjiLXGYwNG3qDZsKVMcINQ=="
    },
    "inversify-binding-decorators": {
      "version": "4.0.0",
      "resolved": "https://registry.npmjs.org/inversify-binding-decorators/-/inversify-binding-decorators-4.0.0.tgz",
      "integrity": "sha512-r8au/oH3vS7ttHj0RivAznwElySeRohLfg8lvOSzbrX6abf/8ik8ptk49XbzdShgrnalvl7CM6MjcskfM7MMqQ=="
    },
    "reflect-metadata": {
      "version": "0.1.13",
      "resolved": "https://registry.npmjs.org/reflect-metadata/-/reflect-metadata-0.1.13.tgz",
      "integrity": "sha512-Ts1Y/anZELhSsjMcU605fU9RE4Oi3p5ORujwbIKXfWa+0Zxs510Qrmrce5/Jowq3cHSZSJqBjypxmHarc+vEWg=="
    }
  }
}
